// !$*UTF8*$!
{
	archiveVersion = 1;
	classes = {
	};
	objectVersion = 46;
	objects = {

/* Begin PBXBuildFile section */
		2831ED601A033217001A196A /* AppDelegate.swift in Sources */ = {isa = PBXBuildFile; fileRef = 2831ED5F1A033217001A196A /* AppDelegate.swift */; };
		2831ED631A033217001A196A /* ExchangeGram.xcdatamodeld in Sources */ = {isa = PBXBuildFile; fileRef = 2831ED611A033217001A196A /* ExchangeGram.xcdatamodeld */; };
		2831ED681A033217001A196A /* Main.storyboard in Resources */ = {isa = PBXBuildFile; fileRef = 2831ED661A033217001A196A /* Main.storyboard */; };
		2831ED6A1A033217001A196A /* Images.xcassets in Resources */ = {isa = PBXBuildFile; fileRef = 2831ED691A033217001A196A /* Images.xcassets */; };
		2831ED6D1A033217001A196A /* LaunchScreen.xib in Resources */ = {isa = PBXBuildFile; fileRef = 2831ED6B1A033217001A196A /* LaunchScreen.xib */; };
		2831ED791A033218001A196A /* ExchangeGramTests.swift in Sources */ = {isa = PBXBuildFile; fileRef = 2831ED781A033218001A196A /* ExchangeGramTests.swift */; };
		2831ED831A035786001A196A /* FeedViewController.swift in Sources */ = {isa = PBXBuildFile; fileRef = 2831ED821A035786001A196A /* FeedViewController.swift */; };
		2831ED851A035936001A196A /* FeedCell.swift in Sources */ = {isa = PBXBuildFile; fileRef = 2831ED841A035936001A196A /* FeedCell.swift */; };
		2831ED871A05AF99001A196A /* MobileCoreServices.framework in Frameworks */ = {isa = PBXBuildFile; fileRef = 2831ED861A05AF99001A196A /* MobileCoreServices.framework */; };
		2831ED891A05B57F001A196A /* FeedItem.swift in Sources */ = {isa = PBXBuildFile; fileRef = 2831ED881A05B57F001A196A /* FeedItem.swift */; };
/* End PBXBuildFile section */

/* Begin PBXContainerItemProxy section */
		2831ED731A033218001A196A /* PBXContainerItemProxy */ = {
			isa = PBXContainerItemProxy;
			containerPortal = 2831ED521A033217001A196A /* Project object */;
			proxyType = 1;
			remoteGlobalIDString = 2831ED591A033217001A196A;
			remoteInfo = ExchangeGram;
		};
/* End PBXContainerItemProxy section */

/* Begin PBXFileReference section */
		2831ED5A1A033217001A196A /* ExchangeGram.app */ = {isa = PBXFileReference; explicitFileType = wrapper.application; includeInIndex = 0; path = ExchangeGram.app; sourceTree = BUILT_PRODUCTS_DIR; };
		2831ED5E1A033217001A196A /* Info.plist */ = {isa = PBXFileReference; lastKnownFileType = text.plist.xml; path = Info.plist; sourceTree = "<group>"; };
		2831ED5F1A033217001A196A /* AppDelegate.swift */ = {isa = PBXFileReference; lastKnownFileType = sourcecode.swift; path = AppDelegate.swift; sourceTree = "<group>"; };
		2831ED621A033217001A196A /* ExchangeGram.xcdatamodel */ = {isa = PBXFileReference; lastKnownFileType = wrapper.xcdatamodel; path = ExchangeGram.xcdatamodel; sourceTree = "<group>"; };
		2831ED671A033217001A196A /* Base */ = {isa = PBXFileReference; lastKnownFileType = file.storyboard; name = Base; path = Base.lproj/Main.storyboard; sourceTree = "<group>"; };
		2831ED691A033217001A196A /* Images.xcassets */ = {isa = PBXFileReference; lastKnownFileType = folder.assetcatalog; path = Images.xcassets; sourceTree = "<group>"; };
		2831ED6C1A033217001A196A /* Base */ = {isa = PBXFileReference; lastKnownFileType = file.xib; name = Base; path = Base.lproj/LaunchScreen.xib; sourceTree = "<group>"; };
		2831ED721A033218001A196A /* ExchangeGramTests.xctest */ = {isa = PBXFileReference; explicitFileType = wrapper.cfbundle; includeInIndex = 0; path = ExchangeGramTests.xctest; sourceTree = BUILT_PRODUCTS_DIR; };
		2831ED771A033218001A196A /* Info.plist */ = {isa = PBXFileReference; lastKnownFileType = text.plist.xml; path = Info.plist; sourceTree = "<group>"; };
		2831ED781A033218001A196A /* ExchangeGramTests.swift */ = {isa = PBXFileReference; lastKnownFileType = sourcecode.swift; path = ExchangeGramTests.swift; sourceTree = "<group>"; };
		2831ED821A035786001A196A /* FeedViewController.swift */ = {isa = PBXFileReference; fileEncoding = 4; lastKnownFileType = sourcecode.swift; path = FeedViewController.swift; sourceTree = "<group>"; };
		2831ED841A035936001A196A /* FeedCell.swift */ = {isa = PBXFileReference; fileEncoding = 4; lastKnownFileType = sourcecode.swift; path = FeedCell.swift; sourceTree = "<group>"; };
		2831ED861A05AF99001A196A /* MobileCoreServices.framework */ = {isa = PBXFileReference; lastKnownFileType = wrapper.framework; name = MobileCoreServices.framework; path = System/Library/Frameworks/MobileCoreServices.framework; sourceTree = SDKROOT; };
		2831ED881A05B57F001A196A /* FeedItem.swift */ = {isa = PBXFileReference; fileEncoding = 4; lastKnownFileType = sourcecode.swift; path = FeedItem.swift; sourceTree = "<group>"; };
/* End PBXFileReference section */

/* Begin PBXFrameworksBuildPhase section */
		2831ED571A033217001A196A /* Frameworks */ = {
			isa = PBXFrameworksBuildPhase;
			buildActionMask = 2147483647;
			files = (
				2831ED871A05AF99001A196A /* MobileCoreServices.framework in Frameworks */,
			);
			runOnlyForDeploymentPostprocessing = 0;
		};
		2831ED6F1A033218001A196A /* Frameworks */ = {
			isa = PBXFrameworksBuildPhase;
			buildActionMask = 2147483647;
			files = (
			);
			runOnlyForDeploymentPostprocessing = 0;
		};
/* End PBXFrameworksBuildPhase section */

/* Begin PBXGroup section */
		2831ED511A033217001A196A = {
			isa = PBXGroup;
			children = (
				2831ED861A05AF99001A196A /* MobileCoreServices.framework */,
				2831ED5C1A033217001A196A /* ExchangeGram */,
				2831ED751A033218001A196A /* ExchangeGramTests */,
				2831ED5B1A033217001A196A /* Products */,
			);
			sourceTree = "<group>";
		};
		2831ED5B1A033217001A196A /* Products */ = {
			isa = PBXGroup;
			children = (
				2831ED5A1A033217001A196A /* ExchangeGram.app */,
				2831ED721A033218001A196A /* ExchangeGramTests.xctest */,
			);
			name = Products;
			sourceTree = "<group>";
		};
		2831ED5C1A033217001A196A /* ExchangeGram */ = {
			isa = PBXGroup;
			children = (
				2831ED5F1A033217001A196A /* AppDelegate.swift */,
				2831ED821A035786001A196A /* FeedViewController.swift */,
				2831ED661A033217001A196A /* Main.storyboard */,
				2831ED841A035936001A196A /* FeedCell.swift */,
				2831ED691A033217001A196A /* Images.xcassets */,
				2831ED6B1A033217001A196A /* LaunchScreen.xib */,
				2831ED611A033217001A196A /* ExchangeGram.xcdatamodeld */,
				2831ED881A05B57F001A196A /* FeedItem.swift */,
				2831ED5D1A033217001A196A /* Supporting Files */,
			);
			path = ExchangeGram;
			sourceTree = "<group>";
		};
		2831ED5D1A033217001A196A /* Supporting Files */ = {
			isa = PBXGroup;
			children = (
				2831ED5E1A033217001A196A /* Info.plist */,
			);
			name = "Supporting Files";
			sourceTree = "<group>";
		};
		2831ED751A033218001A196A /* ExchangeGramTests */ = {
			isa = PBXGroup;
			children = (
				2831ED781A033218001A196A /* ExchangeGramTests.swift */,
				2831ED761A033218001A196A /* Supporting Files */,
			);
			path = ExchangeGramTests;
			sourceTree = "<group>";
		};
		2831ED761A033218001A196A /* Supporting Files */ = {
			isa = PBXGroup;
			children = (
				2831ED771A033218001A196A /* Info.plist */,
			);
			name = "Supporting Files";
			sourceTree = "<group>";
		};
/* End PBXGroup section */

/* Begin PBXNativeTarget section */
		2831ED591A033217001A196A /* ExchangeGram */ = {
			isa = PBXNativeTarget;
			buildConfigurationList = 2831ED7C1A033218001A196A /* Build configuration list for PBXNativeTarget "ExchangeGram" */;
			buildPhases = (
				2831ED561A033217001A196A /* Sources */,
				2831ED571A033217001A196A /* Frameworks */,
				2831ED581A033217001A196A /* Resources */,
			);
			buildRules = (
			);
			dependencies = (
			);
			name = ExchangeGram;
			productName = ExchangeGram;
			productReference = 2831ED5A1A033217001A196A /* ExchangeGram.app */;
			productType = "com.apple.product-type.application";
		};
		2831ED711A033218001A196A /* ExchangeGramTests */ = {
			isa = PBXNativeTarget;
			buildConfigurationList = 2831ED7F1A033218001A196A /* Build configuration list for PBXNativeTarget "ExchangeGramTests" */;
			buildPhases = (
				2831ED6E1A033218001A196A /* Sources */,
				2831ED6F1A033218001A196A /* Frameworks */,
				2831ED701A033218001A196A /* Resources */,
			);
			buildRules = (
			);
			dependencies = (
				2831ED741A033218001A196A /* PBXTargetDependency */,
			);
			name = ExchangeGramTests;
			productName = ExchangeGramTests;
			productReference = 2831ED721A033218001A196A /* ExchangeGramTests.xctest */;
			productType = "com.apple.product-type.bundle.unit-test";
		};
/* End PBXNativeTarget section */

/* Begin PBXProject section */
		2831ED521A033217001A196A /* Project object */ = {
			isa = PBXProject;
			attributes = {
				LastUpgradeCheck = 0610;
				ORGANIZATIONNAME = "Common Sense Labs";
				TargetAttributes = {
					2831ED591A033217001A196A = {
						CreatedOnToolsVersion = 6.1;
					};
					2831ED711A033218001A196A = {
						CreatedOnToolsVersion = 6.1;
						TestTargetID = 2831ED591A033217001A196A;
					};
				};
			};
			buildConfigurationList = 2831ED551A033217001A196A /* Build configuration list for PBXProject "ExchangeGram" */;
			compatibilityVersion = "Xcode 3.2";
			developmentRegion = English;
			hasScannedForEncodings = 0;
			knownRegions = (
				en,
				Base,
			);
			mainGroup = 2831ED511A033217001A196A;
			productRefGroup = 2831ED5B1A033217001A196A /* Products */;
			projectDirPath = "";
			projectRoot = "";
			targets = (
				2831ED591A033217001A196A /* ExchangeGram */,
				2831ED711A033218001A196A /* ExchangeGramTests */,
			);
		};
/* End PBXProject section */

/* Begin PBXResourcesBuildPhase section */
		2831ED581A033217001A196A /* Resources */ = {
			isa = PBXResourcesBuildPhase;
			buildActionMask = 2147483647;
			files = (
				2831ED681A033217001A196A /* Main.storyboard in Resources */,
				2831ED6D1A033217001A196A /* LaunchScreen.xib in Resources */,
				2831ED6A1A033217001A196A /* Images.xcassets in Resources */,
			);
			runOnlyForDeploymentPostprocessing = 0;
		};
		2831ED701A033218001A196A /* Resources */ = {
			isa = PBXResourcesBuildPhase;
			buildActionMask = 2147483647;
			files = (
			);
			runOnlyForDeploymentPostprocessing = 0;
		};
/* End PBXResourcesBuildPhase section */

/* Begin PBXSourcesBuildPhase section */
		2831ED561A033217001A196A /* Sources */ = {
			isa = PBXSourcesBuildPhase;
			buildActionMask = 2147483647;
			files = (
				2831ED601A033217001A196A /* AppDelegate.swift in Sources */,
				2831ED851A035936001A196A /* FeedCell.swift in Sources */,
				2831ED831A035786001A196A /* FeedViewController.swift in Sources */,
				2831ED891A05B57F001A196A /* FeedItem.swift in Sources */,
				2831ED631A033217001A196A /* ExchangeGram.xcdatamodeld in Sources */,
			);
			runOnlyForDeploymentPostprocessing = 0;
		};
		2831ED6E1A033218001A196A /* Sources */ = {
			isa = PBXSourcesBuildPhase;
			buildActionMask = 2147483647;
			files = (
				2831ED791A033218001A196A /* ExchangeGramTests.swift in Sources */,
			);
			runOnlyForDeploymentPostprocessing = 0;
		};
/* End PBXSourcesBuildPhase section */

/* Begin PBXTargetDependency section */
		2831ED741A033218001A196A /* PBXTargetDependency */ = {
			isa = PBXTargetDependency;
			target = 2831ED591A033217001A196A /* ExchangeGram */;
			targetProxy = 2831ED731A033218001A196A /* PBXContainerItemProxy */;
		};
/* End PBXTargetDependency section */

/* Begin PBXVariantGroup section */
		2831ED661A033217001A196A /* Main.storyboard */ = {
			isa = PBXVariantGroup;
			children = (
				2831ED671A033217001A196A /* Base */,
			);
			name = Main.storyboard;
			sourceTree = "<group>";
		};
		2831ED6B1A033217001A196A /* LaunchScreen.xib */ = {
			isa = PBXVariantGroup;
			children = (
				2831ED6C1A033217001A196A /* Base */,
			);
			name = LaunchScreen.xib;
			sourceTree = "<group>";
		};
/* End PBXVariantGroup section */

/* Begin XCBuildConfiguration section */
		2831ED7A1A033218001A196A /* Debug */ = {
			isa = XCBuildConfiguration;
			buildSettings = {
				ALWAYS_SEARCH_USER_PATHS = NO;
				CLANG_CXX_LANGUAGE_STANDARD = "gnu++0x";
				CLANG_CXX_LIBRARY = "libc++";
				CLANG_ENABLE_MODULES = YES;
				CLANG_ENABLE_OBJC_ARC = YES;
				CLANG_WARN_BOOL_CONVERSION = YES;
				CLANG_WARN_CONSTANT_CONVERSION = YES;
				CLANG_WARN_DIRECT_OBJC_ISA_USAGE = YES_ERROR;
				CLANG_WARN_EMPTY_BODY = YES;
				CLANG_WARN_ENUM_CONVERSION = YES;
				CLANG_WARN_INT_CONVERSION = YES;
				CLANG_WARN_OBJC_ROOT_CLASS = YES_ERROR;
				CLANG_WARN_UNREACHABLE_CODE = YES;
				CLANG_WARN__DUPLICATE_METHOD_MATCH = YES;
				"CODE_SIGN_IDENTITY[sdk=iphoneos*]" = "iPhone Developer";
				COPY_PHASE_STRIP = NO;
				ENABLE_STRICT_OBJC_MSGSEND = YES;
				GCC_C_LANGUAGE_STANDARD = gnu99;
				GCC_DYNAMIC_NO_PIC = NO;
				GCC_OPTIMIZATION_LEVEL = 0;
				GCC_PREPROCESSOR_DEFINITIONS = (
					"DEBUG=1",
					"$(inherited)",
				);
				GCC_SYMBOLS_PRIVATE_EXTERN = NO;
				GCC_WARN_64_TO_32_BIT_CONVERSION = YES;
				GCC_WARN_ABOUT_RETURN_TYPE = YES_ERROR;
				GCC_WARN_UNDECLARED_SELECTOR = YES;
				GCC_WARN_UNINITIALIZED_AUTOS = YES_AGGRESSIVE;
				GCC_WARN_UNUSED_FUNCTION = YES;
				GCC_WARN_UNUSED_VARIABLE = YES;
				IPHONEOS_DEPLOYMENT_TARGET = 8.1;
				MTL_ENABLE_DEBUG_INFO = YES;
				ONLY_ACTIVE_ARCH = YES;
				SDKROOT = iphoneos;
				SWIFT_OPTIMIZATION_LEVEL = "-Onone";
				TARGETED_DEVICE_FAMILY = "1,2";
			};
			name = Debug;
		};
		2831ED7B1A033218001A196A /* Release */ = {
			isa = XCBuildConfiguration;
			buildSettings = {
				ALWAYS_SEARCH_USER_PATHS = NO;
				CLANG_CXX_LANGUAGE_STANDARD = "gnu++0x";
				CLANG_CXX_LIBRARY = "libc++";
				CLANG_ENABLE_MODULES = YES;
				CLANG_ENABLE_OBJC_ARC = YES;
				CLANG_WARN_BOOL_CONVERSION = YES;
				CLANG_WARN_CONSTANT_CONVERSION = YES;
				CLANG_WARN_DIRECT_OBJC_ISA_USAGE = YES_ERROR;
				CLANG_WARN_EMPTY_BODY = YES;
				CLANG_WARN_ENUM_CONVERSION = YES;
				CLANG_WARN_INT_CONVERSION = YES;
				CLANG_WARN_OBJC_ROOT_CLASS = YES_ERROR;
				CLANG_WARN_UNREACHABLE_CODE = YES;
				CLANG_WARN__DUPLICATE_METHOD_MATCH = YES;
				"CODE_SIGN_IDENTITY[sdk=iphoneos*]" = "iPhone Developer";
				COPY_PHASE_STRIP = YES;
				ENABLE_NS_ASSERTIONS = NO;
				ENABLE_STRICT_OBJC_MSGSEND = YES;
				GCC_C_LANGUAGE_STANDARD = gnu99;
				GCC_WARN_64_TO_32_BIT_CONVERSION = YES;
				GCC_WARN_ABOUT_RETURN_TYPE = YES_ERROR;
				GCC_WARN_UNDECLARED_SELECTOR = YES;
				GCC_WARN_UNINITIALIZED_AUTOS = YES_AGGRESSIVE;
				GCC_WARN_UNUSED_FUNCTION = YES;
				GCC_WARN_UNUSED_VARIABLE = YES;
				IPHONEOS_DEPLOYMENT_TARGET = 8.1;
				MTL_ENABLE_DEBUG_INFO = NO;
				SDKROOT = iphoneos;
				TARGETED_DEVICE_FAMILY = "1,2";
				VALIDATE_PRODUCT = YES;
			};
			name = Release;
		};
		2831ED7D1A033218001A196A /* Debug */ = {
			isa = XCBuildConfiguration;
			buildSettings = {
				ASSETCATALOG_COMPILER_APPICON_NAME = AppIcon;
				INFOPLIST_FILE = ExchangeGram/Info.plist;
				LD_RUNPATH_SEARCH_PATHS = "$(inherited) @executable_path/Frameworks";
				PRODUCT_NAME = "$(TARGET_NAME)";
			};
			name = Debug;
		};
		2831ED7E1A033218001A196A /* Release */ = {
			isa = XCBuildConfiguration;
			buildSettings = {
				ASSETCATALOG_COMPILER_APPICON_NAME = AppIcon;
				INFOPLIST_FILE = ExchangeGram/Info.plist;
				LD_RUNPATH_SEARCH_PATHS = "$(inherited) @executable_path/Frameworks";
				PRODUCT_NAME = "$(TARGET_NAME)";
			};
			name = Release;
		};
		2831ED801A033218001A196A /* Debug */ = {
			isa = XCBuildConfiguration;
			buildSettings = {
				BUNDLE_LOADER = "$(TEST_HOST)";
				FRAMEWORK_SEARCH_PATHS = (
					"$(SDKROOT)/Developer/Library/Frameworks",
					"$(inherited)",
				);
				GCC_PREPROCESSOR_DEFINITIONS = (
					"DEBUG=1",
					"$(inherited)",
				);
				INFOPLIST_FILE = ExchangeGramTests/Info.plist;
				LD_RUNPATH_SEARCH_PATHS = "$(inherited) @executable_path/Frameworks @loader_path/Frameworks";
				PRODUCT_NAME = "$(TARGET_NAME)";
				TEST_HOST = "$(BUILT_PRODUCTS_DIR)/ExchangeGram.app/ExchangeGram";
			};
			name = Debug;
		};
		2831ED811A033218001A196A /* Release */ = {
			isa = XCBuildConfiguration;
			buildSettings = {
				BUNDLE_LOADER = "$(TEST_HOST)";
				FRAMEWORK_SEARCH_PATHS = (
					"$(SDKROOT)/Developer/Library/Frameworks",
					"$(inherited)",
				);
				INFOPLIST_FILE = ExchangeGramTests/Info.plist;
				LD_RUNPATH_SEARCH_PATHS = "$(inherited) @executable_path/Frameworks @loader_path/Frameworks";
				PRODUCT_NAME = "$(TARGET_NAME)";
				TEST_HOST = "$(BUILT_PRODUCTS_DIR)/ExchangeGram.app/ExchangeGram";
			};
			name = Release;
		};
/* End XCBuildConfiguration section */

/* Begin XCConfigurationList section */
		2831ED551A033217001A196A /* Build configuration list for PBXProject "ExchangeGram" */ = {
			isa = XCConfigurationList;
			buildConfigurations = (
				2831ED7A1A033218001A196A /* Debug */,
				2831ED7B1A033218001A196A /* Release */,
			);
			defaultConfigurationIsVisible = 0;
			defaultConfigurationName = Release;
		};
		2831ED7C1A033218001A196A /* Build configuration list for PBXNativeTarget "ExchangeGram" */ = {
			isa = XCConfigurationList;
			buildConfigurations = (
				2831ED7D1A033218001A196A /* Debug */,
				2831ED7E1A033218001A196A /* Release */,
			);
			defaultConfigurationIsVisible = 0;
			defaultConfigurationName = Release;
		};
		2831ED7F1A033218001A196A /* Build configuration list for PBXNativeTarget "ExchangeGramTests" */ = {
			isa = XCConfigurationList;
			buildConfigurations = (
				2831ED801A033218001A196A /* Debug */,
				2831ED811A033218001A196A /* Release */,
			);
			defaultConfigurationIsVisible = 0;
			defaultConfigurationName = Release;
		};
/* End XCConfigurationList section */

/* Begin XCVersionGroup section */
		2831ED611A033217001A196A /* ExchangeGram.xcdatamodeld */ = {
			isa = XCVersionGroup;
			children = (
				2831ED621A033217001A196A /* ExchangeGram.xcdatamodel */,
			);
			currentVersion = 2831ED621A033217001A196A /* ExchangeGram.xcdatamodel */;
			path = ExchangeGram.xcdatamodeld;
			sourceTree = "<group>";
			versionGroupType = wrapper.xcdatamodel;
		};
/* End XCVersionGroup section */
	};
	rootObject = 2831ED521A033217001A196A /* Project object */;
}
